
Microsoft Visual Studio Solution File, Format Version 12.00
# Visual Studio 14
VisualStudioVersion = 14.0.24720.0
MinimumVisualStudioVersion = 10.0.40219.1
Project("{FAE04EC0-301F-11D3-BF4B-00C04F79EFBC}") = "Foobarify.Api", "Foobarify.Api\Foobarify.Api.csproj", "{41C16CDD-6850-43AD-9C32-3999EA776433}"
EndProject
Project("{FAE04EC0-301F-11D3-BF4B-00C04F79EFBC}") = "Foobarify.Business", "Foobarify.Business\Foobarify.Business.csproj", "{8A6EFC24-A95A-4377-A4F2-AF697C628D6D}"
EndProject
Project("{FAE04EC0-301F-11D3-BF4B-00C04F79EFBC}") = "Tests", "Foobarify.Tests\Tests.csproj", "{23B359F3-BEB9-4A9A-AA73-D79472DE334F}"
EndProject
Global
	GlobalSection(SolutionConfigurationPlatforms) = preSolution
		Debug|Any CPU = Debug|Any CPU
		Release|Any CPU = Release|Any CPU
	EndGlobalSection
	GlobalSection(ProjectConfigurationPlatforms) = postSolution
		{41C16CDD-6850-43AD-9C32-3999EA776433}.Debug|Any CPU.ActiveCfg = Debug|Any CPU
		{41C16CDD-6850-43AD-9C32-3999EA776433}.Debug|Any CPU.Build.0 = Debug|Any CPU
		{41C16CDD-6850-43AD-9C32-3999EA776433}.Release|Any CPU.ActiveCfg = Release|Any CPU
		{41C16CDD-6850-43AD-9C32-3999EA776433}.Release|Any CPU.Build.0 = Release|Any CPU
		{8A6EFC24-A95A-4377-A4F2-AF697C628D6D}.Debug|Any CPU.ActiveCfg = Debug|Any CPU
		{8A6EFC24-A95A-4377-A4F2-AF697C628D6D}.Debug|Any CPU.Build.0 = Debug|Any CPU
		{8A6EFC24-A95A-4377-A4F2-AF697C628D6D}.Release|Any CPU.ActiveCfg = Release|Any CPU
		{8A6EFC24-A95A-4377-A4F2-AF697C628D6D}.Release|Any CPU.Build.0 = Release|Any CPU
		{23B359F3-BEB9-4A9A-AA73-D79472DE334F}.Debug|Any CPU.ActiveCfg = Debug|Any CPU
		{23B359F3-BEB9-4A9A-AA73-D79472DE334F}.Debug|Any CPU.Build.0 = Debug|Any CPU
		{23B359F3-BEB9-4A9A-AA73-D79472DE334F}.Release|Any CPU.ActiveCfg = Release|Any CPU
		{23B359F3-BEB9-4A9A-AA73-D79472DE334F}.Release|Any CPU.Build.0 = Release|Any CPU
	EndGlobalSection
	GlobalSection(SolutionProperties) = preSolution
		HideSolutionNode = FALSE
	EndGlobalSection
EndGlobal
